// !$*UTF8*$!
{
	archiveVersion = 1;
	classes = {
	};
	objectVersion = 77;
	objects = {

/* Begin PBXBuildFile section */
		6F83B2F82CF8D4C300046EFF /* XCTest.framework in Frameworks */ = {isa = PBXBuildFile; fileRef = 6F83B2F72CF8D4C300046EFF /* XCTest.framework */; platformFilter = ios; };
		6FDAA4DE2CECA51E00A53FC2 /* OrderedCollections in Frameworks */ = {isa = PBXBuildFile; productRef = 6FDAA4DD2CECA51E00A53FC2 /* OrderedCollections */; };
/* End PBXBuildFile section */

/* Begin PBXContainerItemProxy section */
		6F83B2F02CF8D42500046EFF /* PBXContainerItemProxy */ = {
			isa = PBXContainerItemProxy;
			containerPortal = 6FDAA4B62CEB657E00A53FC2 /* Project object */;
			proxyType = 1;
			remoteGlobalIDString = 6FDAA4BD2CEB657E00A53FC2;
			remoteInfo = panorama;
		};
/* End PBXContainerItemProxy section */

/* Begin PBXFileReference section */
		6F83B2EC2CF8D42500046EFF /* panoramaTests.xctest */ = {isa = PBXFileReference; explicitFileType = wrapper.cfbundle; includeInIndex = 0; path = panoramaTests.xctest; sourceTree = BUILT_PRODUCTS_DIR; };
		6F83B2F72CF8D4C300046EFF /* XCTest.framework */ = {isa = PBXFileReference; lastKnownFileType = wrapper.framework; name = XCTest.framework; path = Platforms/iPhoneOS.platform/Developer/Library/Frameworks/XCTest.framework; sourceTree = DEVELOPER_DIR; };
		6FDAA4BE2CEB657E00A53FC2 /* panorama.app */ = {isa = PBXFileReference; explicitFileType = wrapper.application; includeInIndex = 0; path = panorama.app; sourceTree = BUILT_PRODUCTS_DIR; };
/* End PBXFileReference section */

/* Begin PBXFileSystemSynchronizedRootGroup section */
		6F83B2ED2CF8D42500046EFF /* panoramaTests */ = {
			isa = PBXFileSystemSynchronizedRootGroup;
			path = panoramaTests;
			sourceTree = "<group>";
		};
		6FDAA4C02CEB657E00A53FC2 /* panorama */ = {
			isa = PBXFileSystemSynchronizedRootGroup;
			path = panorama;
			sourceTree = "<group>";
		};
/* End PBXFileSystemSynchronizedRootGroup section */

/* Begin PBXFrameworksBuildPhase section */
		6F83B2E92CF8D42500046EFF /* Frameworks */ = {
			isa = PBXFrameworksBuildPhase;
			buildActionMask = 2147483647;
			files = (
				6F83B2F82CF8D4C300046EFF /* XCTest.framework in Frameworks */,
			);
			runOnlyForDeploymentPostprocessing = 0;
		};
		6FDAA4BB2CEB657E00A53FC2 /* Frameworks */ = {
			isa = PBXFrameworksBuildPhase;
			buildActionMask = 2147483647;
			files = (
				6FDAA4DE2CECA51E00A53FC2 /* OrderedCollections in Frameworks */,
			);
			runOnlyForDeploymentPostprocessing = 0;
		};
/* End PBXFrameworksBuildPhase section */

/* Begin PBXGroup section */
		6FDAA4B52CEB657E00A53FC2 = {
			isa = PBXGroup;
			children = (
				6FDAA4C02CEB657E00A53FC2 /* panorama */,
				6F83B2ED2CF8D42500046EFF /* panoramaTests */,
				6FDAA4DC2CECA51E00A53FC2 /* Frameworks */,
				6FDAA4BF2CEB657E00A53FC2 /* Products */,
			);
			sourceTree = "<group>";
		};
		6FDAA4BF2CEB657E00A53FC2 /* Products */ = {
			isa = PBXGroup;
			children = (
				6FDAA4BE2CEB657E00A53FC2 /* panorama.app */,
				6F83B2EC2CF8D42500046EFF /* panoramaTests.xctest */,
			);
			name = Products;
			sourceTree = "<group>";
		};
		6FDAA4DC2CECA51E00A53FC2 /* Frameworks */ = {
			isa = PBXGroup;
			children = (
				6F83B2F72CF8D4C300046EFF /* XCTest.framework */,
			);
			name = Frameworks;
			sourceTree = "<group>";
		};
/* End PBXGroup section */

/* Begin PBXNativeTarget section */
		6F83B2EB2CF8D42500046EFF /* panoramaTests */ = {
			isa = PBXNativeTarget;
			buildConfigurationList = 6F83B2F22CF8D42500046EFF /* Build configuration list for PBXNativeTarget "panoramaTests" */;
			buildPhases = (
				6F83B2E82CF8D42500046EFF /* Sources */,
				6F83B2E92CF8D42500046EFF /* Frameworks */,
				6F83B2EA2CF8D42500046EFF /* Resources */,
			);
			buildRules = (
			);
			dependencies = (
				6F83B2F12CF8D42500046EFF /* PBXTargetDependency */,
			);
			fileSystemSynchronizedGroups = (
				6F83B2ED2CF8D42500046EFF /* panoramaTests */,
			);
			name = panoramaTests;
			packageProductDependencies = (
			);
			productName = panoramaTests;
			productReference = 6F83B2EC2CF8D42500046EFF /* panoramaTests.xctest */;
			productType = "com.apple.product-type.bundle.unit-test";
		};
		6FDAA4BD2CEB657E00A53FC2 /* panorama */ = {
			isa = PBXNativeTarget;
			buildConfigurationList = 6FDAA4CC2CEB657F00A53FC2 /* Build configuration list for PBXNativeTarget "panorama" */;
			buildPhases = (
				6FDAA4BA2CEB657E00A53FC2 /* Sources */,
				6FDAA4BB2CEB657E00A53FC2 /* Frameworks */,
				6FDAA4BC2CEB657E00A53FC2 /* Resources */,
			);
			buildRules = (
			);
			dependencies = (
			);
			fileSystemSynchronizedGroups = (
				6FDAA4C02CEB657E00A53FC2 /* panorama */,
			);
			name = panorama;
			packageProductDependencies = (
				6FDAA4DD2CECA51E00A53FC2 /* OrderedCollections */,
			);
			productName = panorama;
			productReference = 6FDAA4BE2CEB657E00A53FC2 /* panorama.app */;
			productType = "com.apple.product-type.application";
		};
/* End PBXNativeTarget section */

/* Begin PBXProject section */
		6FDAA4B62CEB657E00A53FC2 /* Project object */ = {
			isa = PBXProject;
			attributes = {
				BuildIndependentTargetsInParallel = 1;
				LastSwiftUpdateCheck = 1600;
				LastUpgradeCheck = 1600;
				TargetAttributes = {
					6F83B2EB2CF8D42500046EFF = {
						CreatedOnToolsVersion = 16.0;
						TestTargetID = 6FDAA4BD2CEB657E00A53FC2;
					};
					6FDAA4BD2CEB657E00A53FC2 = {
						CreatedOnToolsVersion = 16.0;
					};
				};
			};
			buildConfigurationList = 6FDAA4B92CEB657E00A53FC2 /* Build configuration list for PBXProject "panorama" */;
			developmentRegion = en;
			hasScannedForEncodings = 0;
			knownRegions = (
				en,
				Base,
			);
			mainGroup = 6FDAA4B52CEB657E00A53FC2;
			minimizedProjectReferenceProxies = 1;
			packageReferences = (
				6FDAA4DB2CECA42700A53FC2 /* XCRemoteSwiftPackageReference "swift-collections" */,
			);
			preferredProjectObjectVersion = 77;
			productRefGroup = 6FDAA4BF2CEB657E00A53FC2 /* Products */;
			projectDirPath = "";
			projectRoot = "";
			targets = (
				6FDAA4BD2CEB657E00A53FC2 /* panorama */,
				6F83B2EB2CF8D42500046EFF /* panoramaTests */,
			);
		};
/* End PBXProject section */

/* Begin PBXResourcesBuildPhase section */
		6F83B2EA2CF8D42500046EFF /* Resources */ = {
			isa = PBXResourcesBuildPhase;
			buildActionMask = 2147483647;
			files = (
			);
			runOnlyForDeploymentPostprocessing = 0;
		};
		6FDAA4BC2CEB657E00A53FC2 /* Resources */ = {
			isa = PBXResourcesBuildPhase;
			buildActionMask = 2147483647;
			files = (
			);
			runOnlyForDeploymentPostprocessing = 0;
		};
/* End PBXResourcesBuildPhase section */

/* Begin PBXSourcesBuildPhase section */
		6F83B2E82CF8D42500046EFF /* Sources */ = {
			isa = PBXSourcesBuildPhase;
			buildActionMask = 2147483647;
			files = (
			);
			runOnlyForDeploymentPostprocessing = 0;
		};
		6FDAA4BA2CEB657E00A53FC2 /* Sources */ = {
			isa = PBXSourcesBuildPhase;
			buildActionMask = 2147483647;
			files = (
			);
			runOnlyForDeploymentPostprocessing = 0;
		};
/* End PBXSourcesBuildPhase section */

/* Begin PBXTargetDependency section */
		6F83B2F12CF8D42500046EFF /* PBXTargetDependency */ = {
			isa = PBXTargetDependency;
			target = 6FDAA4BD2CEB657E00A53FC2 /* panorama */;
			targetProxy = 6F83B2F02CF8D42500046EFF /* PBXContainerItemProxy */;
		};
/* End PBXTargetDependency section */

/* Begin XCBuildConfiguration section */
		6F83B2F32CF8D42500046EFF /* Debug */ = {
			isa = XCBuildConfiguration;
			buildSettings = {
				BUNDLE_LOADER = "$(TEST_HOST)";
				CODE_SIGN_STYLE = Automatic;
				CURRENT_PROJECT_VERSION = 1;
				DEVELOPMENT_TEAM = YUD7FZAV9S;
				GENERATE_INFOPLIST_FILE = YES;
				MARKETING_VERSION = 1.0;
				PRODUCT_BUNDLE_IDENTIFIER = fr.noeldupuis.panoramaTests;
				PRODUCT_NAME = "$(TARGET_NAME)";
				SWIFT_EMIT_LOC_STRINGS = NO;
				SWIFT_VERSION = 5.0;
				TARGETED_DEVICE_FAMILY = "1,2";
				TEST_HOST = "$(BUILT_PRODUCTS_DIR)/panorama.app/$(BUNDLE_EXECUTABLE_FOLDER_PATH)/panorama";
			};
			name = Debug;
		};
		6F83B2F42CF8D42500046EFF /* Release */ = {
			isa = XCBuildConfiguration;
			buildSettings = {
				BUNDLE_LOADER = "$(TEST_HOST)";
				CODE_SIGN_STYLE = Automatic;
				CURRENT_PROJECT_VERSION = 1;
				DEVELOPMENT_TEAM = YUD7FZAV9S;
				GENERATE_INFOPLIST_FILE = YES;
				MARKETING_VERSION = 1.0;
				PRODUCT_BUNDLE_IDENTIFIER = fr.noeldupuis.panoramaTests;
				PRODUCT_NAME = "$(TARGET_NAME)";
				SWIFT_EMIT_LOC_STRINGS = NO;
				SWIFT_VERSION = 5.0;
				TARGETED_DEVICE_FAMILY = "1,2";
				TEST_HOST = "$(BUILT_PRODUCTS_DIR)/panorama.app/$(BUNDLE_EXECUTABLE_FOLDER_PATH)/panorama";
			};
			name = Release;
		};
		6FDAA4CA2CEB657F00A53FC2 /* Debug */ = {
			isa = XCBuildConfiguration;
			buildSettings = {
				ALWAYS_SEARCH_USER_PATHS = NO;
				ASSETCATALOG_COMPILER_GENERATE_SWIFT_ASSET_SYMBOL_EXTENSIONS = YES;
				CLANG_ANALYZER_NONNULL = YES;
				CLANG_ANALYZER_NUMBER_OBJECT_CONVERSION = YES_AGGRESSIVE;
				CLANG_CXX_LANGUAGE_STANDARD = "gnu++20";
				CLANG_ENABLE_MODULES = YES;
				CLANG_ENABLE_OBJC_ARC = YES;
				CLANG_ENABLE_OBJC_WEAK = YES;
				CLANG_WARN_BLOCK_CAPTURE_AUTORELEASING = YES;
				CLANG_WARN_BOOL_CONVERSION = YES;
				CLANG_WARN_COMMA = YES;
				CLANG_WARN_CONSTANT_CONVERSION = YES;
				CLANG_WARN_DEPRECATED_OBJC_IMPLEMENTATIONS = YES;
				CLANG_WARN_DIRECT_OBJC_ISA_USAGE = YES_ERROR;
				CLANG_WARN_DOCUMENTATION_COMMENTS = YES;
				CLANG_WARN_EMPTY_BODY = YES;
				CLANG_WARN_ENUM_CONVERSION = YES;
				CLANG_WARN_INFINITE_RECURSION = YES;
				CLANG_WARN_INT_CONVERSION = YES;
				CLANG_WARN_NON_LITERAL_NULL_CONVERSION = YES;
				CLANG_WARN_OBJC_IMPLICIT_RETAIN_SELF = YES;
				CLANG_WARN_OBJC_LITERAL_CONVERSION = YES;
				CLANG_WARN_OBJC_ROOT_CLASS = YES_ERROR;
				CLANG_WARN_QUOTED_INCLUDE_IN_FRAMEWORK_HEADER = YES;
				CLANG_WARN_RANGE_LOOP_ANALYSIS = YES;
				CLANG_WARN_STRICT_PROTOTYPES = YES;
				CLANG_WARN_SUSPICIOUS_MOVE = YES;
				CLANG_WARN_UNGUARDED_AVAILABILITY = YES_AGGRESSIVE;
				CLANG_WARN_UNREACHABLE_CODE = YES;
				CLANG_WARN__DUPLICATE_METHOD_MATCH = YES;
				COPY_PHASE_STRIP = NO;
				DEBUG_INFORMATION_FORMAT = dwarf;
				ENABLE_STRICT_OBJC_MSGSEND = YES;
				ENABLE_TESTABILITY = YES;
				ENABLE_USER_SCRIPT_SANDBOXING = YES;
				GCC_C_LANGUAGE_STANDARD = gnu17;
				GCC_DYNAMIC_NO_PIC = NO;
				GCC_NO_COMMON_BLOCKS = YES;
				GCC_OPTIMIZATION_LEVEL = 0;
				GCC_PREPROCESSOR_DEFINITIONS = (
					"DEBUG=1",
					"$(inherited)",
				);
				GCC_WARN_64_TO_32_BIT_CONVERSION = YES;
				GCC_WARN_ABOUT_RETURN_TYPE = YES_ERROR;
				GCC_WARN_UNDECLARED_SELECTOR = YES;
				GCC_WARN_UNINITIALIZED_AUTOS = YES_AGGRESSIVE;
				GCC_WARN_UNUSED_FUNCTION = YES;
				GCC_WARN_UNUSED_VARIABLE = YES;
				IPHONEOS_DEPLOYMENT_TARGET = 18.0;
				LOCALIZATION_PREFERS_STRING_CATALOGS = YES;
				MTL_ENABLE_DEBUG_INFO = INCLUDE_SOURCE;
				MTL_FAST_MATH = YES;
				ONLY_ACTIVE_ARCH = YES;
				SDKROOT = iphoneos;
				SWIFT_ACTIVE_COMPILATION_CONDITIONS = "DEBUG $(inherited)";
				SWIFT_OPTIMIZATION_LEVEL = "-Onone";
			};
			name = Debug;
		};
		6FDAA4CB2CEB657F00A53FC2 /* Release */ = {
			isa = XCBuildConfiguration;
			buildSettings = {
				ALWAYS_SEARCH_USER_PATHS = NO;
				ASSETCATALOG_COMPILER_GENERATE_SWIFT_ASSET_SYMBOL_EXTENSIONS = YES;
				CLANG_ANALYZER_NONNULL = YES;
				CLANG_ANALYZER_NUMBER_OBJECT_CONVERSION = YES_AGGRESSIVE;
				CLANG_CXX_LANGUAGE_STANDARD = "gnu++20";
				CLANG_ENABLE_MODULES = YES;
				CLANG_ENABLE_OBJC_ARC = YES;
				CLANG_ENABLE_OBJC_WEAK = YES;
				CLANG_WARN_BLOCK_CAPTURE_AUTORELEASING = YES;
				CLANG_WARN_BOOL_CONVERSION = YES;
				CLANG_WARN_COMMA = YES;
				CLANG_WARN_CONSTANT_CONVERSION = YES;
				CLANG_WARN_DEPRECATED_OBJC_IMPLEMENTATIONS = YES;
				CLANG_WARN_DIRECT_OBJC_ISA_USAGE = YES_ERROR;
				CLANG_WARN_DOCUMENTATION_COMMENTS = YES;
				CLANG_WARN_EMPTY_BODY = YES;
				CLANG_WARN_ENUM_CONVERSION = YES;
				CLANG_WARN_INFINITE_RECURSION = YES;
				CLANG_WARN_INT_CONVERSION = YES;
				CLANG_WARN_NON_LITERAL_NULL_CONVERSION = YES;
				CLANG_WARN_OBJC_IMPLICIT_RETAIN_SELF = YES;
				CLANG_WARN_OBJC_LITERAL_CONVERSION = YES;
				CLANG_WARN_OBJC_ROOT_CLASS = YES_ERROR;
				CLANG_WARN_QUOTED_INCLUDE_IN_FRAMEWORK_HEADER = YES;
				CLANG_WARN_RANGE_LOOP_ANALYSIS = YES;
				CLANG_WARN_STRICT_PROTOTYPES = YES;
				CLANG_WARN_SUSPICIOUS_MOVE = YES;
				CLANG_WARN_UNGUARDED_AVAILABILITY = YES_AGGRESSIVE;
				CLANG_WARN_UNREACHABLE_CODE = YES;
				CLANG_WARN__DUPLICATE_METHOD_MATCH = YES;
				COPY_PHASE_STRIP = NO;
				DEBUG_INFORMATION_FORMAT = "dwarf-with-dsym";
				ENABLE_NS_ASSERTIONS = NO;
				ENABLE_STRICT_OBJC_MSGSEND = YES;
				ENABLE_USER_SCRIPT_SANDBOXING = YES;
				GCC_C_LANGUAGE_STANDARD = gnu17;
				GCC_NO_COMMON_BLOCKS = YES;
				GCC_WARN_64_TO_32_BIT_CONVERSION = YES;
				GCC_WARN_ABOUT_RETURN_TYPE = YES_ERROR;
				GCC_WARN_UNDECLARED_SELECTOR = YES;
				GCC_WARN_UNINITIALIZED_AUTOS = YES_AGGRESSIVE;
				GCC_WARN_UNUSED_FUNCTION = YES;
				GCC_WARN_UNUSED_VARIABLE = YES;
				IPHONEOS_DEPLOYMENT_TARGET = 18.0;
				LOCALIZATION_PREFERS_STRING_CATALOGS = YES;
				MTL_ENABLE_DEBUG_INFO = NO;
				MTL_FAST_MATH = YES;
				SDKROOT = iphoneos;
				SWIFT_COMPILATION_MODE = wholemodule;
				VALIDATE_PRODUCT = YES;
			};
			name = Release;
		};
		6FDAA4CD2CEB657F00A53FC2 /* Debug */ = {
			isa = XCBuildConfiguration;
			buildSettings = {
				ASSETCATALOG_COMPILER_APPICON_NAME = AppIcon;
				ASSETCATALOG_COMPILER_GLOBAL_ACCENT_COLOR_NAME = AccentColor;
				CODE_SIGN_STYLE = Automatic;
				CURRENT_PROJECT_VERSION = 1;
				DEVELOPMENT_ASSET_PATHS = "\"panorama/Preview Content\"";
				DEVELOPMENT_TEAM = YUD7FZAV9S;
				ENABLE_PREVIEWS = YES;
				GENERATE_INFOPLIST_FILE = YES;
				INFOPLIST_KEY_UIApplicationSceneManifest_Generation = YES;
				INFOPLIST_KEY_UIApplicationSupportsIndirectInputEvents = YES;
				INFOPLIST_KEY_UILaunchScreen_Generation = YES;
				INFOPLIST_KEY_UISupportedInterfaceOrientations_iPad = "UIInterfaceOrientationPortrait UIInterfaceOrientationPortraitUpsideDown UIInterfaceOrientationLandscapeLeft UIInterfaceOrientationLandscapeRight";
				INFOPLIST_KEY_UISupportedInterfaceOrientations_iPhone = "UIInterfaceOrientationPortrait UIInterfaceOrientationLandscapeLeft UIInterfaceOrientationLandscapeRight";
				LD_RUNPATH_SEARCH_PATHS = (
					"$(inherited)",
					"@executable_path/Frameworks",
				);
				MARKETING_VERSION = 1.0;
				PRODUCT_BUNDLE_IDENTIFIER = fr.noeldupuis.panorama;
				PRODUCT_NAME = "$(TARGET_NAME)";
				SWIFT_EMIT_LOC_STRINGS = YES;
				SWIFT_VERSION = 5.0;
				TARGETED_DEVICE_FAMILY = "1,2";
			};
			name = Debug;
		};
		6FDAA4CE2CEB657F00A53FC2 /* Release */ = {
			isa = XCBuildConfiguration;
			buildSettings = {
				ASSETCATALOG_COMPILER_APPICON_NAME = AppIcon;
				ASSETCATALOG_COMPILER_GLOBAL_ACCENT_COLOR_NAME = AccentColor;
				CODE_SIGN_STYLE = Automatic;
				CURRENT_PROJECT_VERSION = 1;
				DEVELOPMENT_ASSET_PATHS = "\"panorama/Preview Content\"";
				DEVELOPMENT_TEAM = YUD7FZAV9S;
				ENABLE_PREVIEWS = YES;
				GENERATE_INFOPLIST_FILE = YES;
				INFOPLIST_KEY_UIApplicationSceneManifest_Generation = YES;
				INFOPLIST_KEY_UIApplicationSupportsIndirectInputEvents = YES;
				INFOPLIST_KEY_UILaunchScreen_Generation = YES;
				INFOPLIST_KEY_UISupportedInterfaceOrientations_iPad = "UIInterfaceOrientationPortrait UIInterfaceOrientationPortraitUpsideDown UIInterfaceOrientationLandscapeLeft UIInterfaceOrientationLandscapeRight";
				INFOPLIST_KEY_UISupportedInterfaceOrientations_iPhone = "UIInterfaceOrientationPortrait UIInterfaceOrientationLandscapeLeft UIInterfaceOrientationLandscapeRight";
				LD_RUNPATH_SEARCH_PATHS = (
					"$(inherited)",
					"@executable_path/Frameworks",
				);
				MARKETING_VERSION = 1.0;
				PRODUCT_BUNDLE_IDENTIFIER = fr.noeldupuis.panorama;
				PRODUCT_NAME = "$(TARGET_NAME)";
				SWIFT_EMIT_LOC_STRINGS = YES;
				SWIFT_VERSION = 5.0;
				TARGETED_DEVICE_FAMILY = "1,2";
			};
			name = Release;
		};
/* End XCBuildConfiguration section */

/* Begin XCConfigurationList section */
		6F83B2F22CF8D42500046EFF /* Build configuration list for PBXNativeTarget "panoramaTests" */ = {
			isa = XCConfigurationList;
			buildConfigurations = (
				6F83B2F32CF8D42500046EFF /* Debug */,
				6F83B2F42CF8D42500046EFF /* Release */,
			);
			defaultConfigurationIsVisible = 0;
			defaultConfigurationName = Release;
		};
		6FDAA4B92CEB657E00A53FC2 /* Build configuration list for PBXProject "panorama" */ = {
			isa = XCConfigurationList;
			buildConfigurations = (
				6FDAA4CA2CEB657F00A53FC2 /* Debug */,
				6FDAA4CB2CEB657F00A53FC2 /* Release */,
			);
			defaultConfigurationIsVisible = 0;
			defaultConfigurationName = Release;
		};
		6FDAA4CC2CEB657F00A53FC2 /* Build configuration list for PBXNativeTarget "panorama" */ = {
			isa = XCConfigurationList;
			buildConfigurations = (
				6FDAA4CD2CEB657F00A53FC2 /* Debug */,
				6FDAA4CE2CEB657F00A53FC2 /* Release */,
			);
			defaultConfigurationIsVisible = 0;
			defaultConfigurationName = Release;
		};
/* End XCConfigurationList section */

/* Begin XCRemoteSwiftPackageReference section */
		6FDAA4DB2CECA42700A53FC2 /* XCRemoteSwiftPackageReference "swift-collections" */ = {
			isa = XCRemoteSwiftPackageReference;
			repositoryURL = "https://github.com/apple/swift-collections.git";
			requirement = {
				kind = upToNextMajorVersion;
				minimumVersion = 1.1.4;
			};
		};
/* End XCRemoteSwiftPackageReference section */

/* Begin XCSwiftPackageProductDependency section */
		6FDAA4DD2CECA51E00A53FC2 /* OrderedCollections */ = {
			isa = XCSwiftPackageProductDependency;
			package = 6FDAA4DB2CECA42700A53FC2 /* XCRemoteSwiftPackageReference "swift-collections" */;
			productName = OrderedCollections;
		};
/* End XCSwiftPackageProductDependency section */
	};
	rootObject = 6FDAA4B62CEB657E00A53FC2 /* Project object */;
}
